
Microsoft Visual Studio Solution File, Format Version 12.00
# Visual Studio 15
VisualStudioVersion = 15.0.28307.572
MinimumVisualStudioVersion = 10.0.40219.1
Project("{FAE04EC0-301F-11D3-BF4B-00C04F79EFBC}") = "AlexanderOnTest.NetCoreWebDriverFactory.FrameworkTests", "src\Test\FrameworkTests\AlexanderOnTest.NetCoreWebDriverFactory.FrameworkTests\AlexanderOnTest.NetCoreWebDriverFactory.FrameworkTests.csproj", "{C6001EDD-043A-424B-84A2-591395CA72EC}"
EndProject
Project("{9A19103F-16F7-4668-BE54-9A1E7A4F7556}") = "AlexanderOnTest.NetCoreWebDriverFactory.Lib.Test", "src\Test\AlexanderOnTest.NetCoreWebDriverFactory.Lib.Test\AlexanderOnTest.NetCoreWebDriverFactory.Lib.Test.csproj", "{F14F88C4-61A5-4983-B9C6-10BB822629DC}"
EndProject
Global
	GlobalSection(SolutionConfigurationPlatforms) = preSolution
		Debug|Any CPU = Debug|Any CPU
		Release|Any CPU = Release|Any CPU
	EndGlobalSection
	GlobalSection(ProjectConfigurationPlatforms) = postSolution
		{C6001EDD-043A-424B-84A2-591395CA72EC}.Debug|Any CPU.ActiveCfg = Debug|Any CPU
		{C6001EDD-043A-424B-84A2-591395CA72EC}.Debug|Any CPU.Build.0 = Debug|Any CPU
		{C6001EDD-043A-424B-84A2-591395CA72EC}.Release|Any CPU.ActiveCfg = Release|Any CPU
		{C6001EDD-043A-424B-84A2-591395CA72EC}.Release|Any CPU.Build.0 = Release|Any CPU
		{F14F88C4-61A5-4983-B9C6-10BB822629DC}.Debug|Any CPU.ActiveCfg = Debug|Any CPU
		{F14F88C4-61A5-4983-B9C6-10BB822629DC}.Debug|Any CPU.Build.0 = Debug|Any CPU
		{F14F88C4-61A5-4983-B9C6-10BB822629DC}.Release|Any CPU.ActiveCfg = Release|Any CPU
		{F14F88C4-61A5-4983-B9C6-10BB822629DC}.Release|Any CPU.Build.0 = Release|Any CPU
	EndGlobalSection
	GlobalSection(SolutionProperties) = preSolution
		HideSolutionNode = FALSE
	EndGlobalSection
	GlobalSection(ExtensibilityGlobals) = postSolution
		SolutionGuid = {B42622E2-3024-4527-9E08-56D333764679}
	EndGlobalSection
EndGlobal
