
Microsoft Visual Studio Solution File, Format Version 12.00
# Visual Studio 15
VisualStudioVersion = 15.0.28307.136
MinimumVisualStudioVersion = 10.0.40219.1
Project("{FAE04EC0-301F-11D3-BF4B-00C04F79EFBC}") = "AlexanderOnTest.NetCoreWebDriverFactory.FrameworkTests", "src\Test\AlexanderOnTest.NetCoreWebDriverFactory.FrameworkTests\AlexanderOnTest.NetCoreWebDriverFactory.FrameworkTests.csproj", "{3895788D-81BD-4818-9AA9-2BFB4DA60EF2}"
EndProject
Project("{9A19103F-16F7-4668-BE54-9A1E7A4F7556}") = "AlexanderonTest.NetCoreWebDriverFactory.Lib.Test", "src\Test\AlexanderonTest.NetCoreWebDriverFactory.Lib.Test\AlexanderonTest.NetCoreWebDriverFactory.Lib.Test.csproj", "{E284E816-8204-4637-AA69-9F029DF3A5E2}"
EndProject
Global
	GlobalSection(SolutionConfigurationPlatforms) = preSolution
		Debug|Any CPU = Debug|Any CPU
		Release|Any CPU = Release|Any CPU
	EndGlobalSection
	GlobalSection(ProjectConfigurationPlatforms) = postSolution
		{3895788D-81BD-4818-9AA9-2BFB4DA60EF2}.Debug|Any CPU.ActiveCfg = Debug|Any CPU
		{3895788D-81BD-4818-9AA9-2BFB4DA60EF2}.Debug|Any CPU.Build.0 = Debug|Any CPU
		{3895788D-81BD-4818-9AA9-2BFB4DA60EF2}.Release|Any CPU.ActiveCfg = Release|Any CPU
		{3895788D-81BD-4818-9AA9-2BFB4DA60EF2}.Release|Any CPU.Build.0 = Release|Any CPU
		{E284E816-8204-4637-AA69-9F029DF3A5E2}.Debug|Any CPU.ActiveCfg = Debug|Any CPU
		{E284E816-8204-4637-AA69-9F029DF3A5E2}.Debug|Any CPU.Build.0 = Debug|Any CPU
		{E284E816-8204-4637-AA69-9F029DF3A5E2}.Release|Any CPU.ActiveCfg = Release|Any CPU
		{E284E816-8204-4637-AA69-9F029DF3A5E2}.Release|Any CPU.Build.0 = Release|Any CPU
	EndGlobalSection
	GlobalSection(SolutionProperties) = preSolution
		HideSolutionNode = FALSE
	EndGlobalSection
	GlobalSection(ExtensibilityGlobals) = postSolution
		SolutionGuid = {C8EF3893-4615-472E-8137-B5B9525F1B28}
	EndGlobalSection
EndGlobal
