
Microsoft Visual Studio Solution File, Format Version 12.00
# Visual Studio 15
VisualStudioVersion = 15.0.28307.106
MinimumVisualStudioVersion = 10.0.40219.1
Project("{9A19103F-16F7-4668-BE54-9A1E7A4F7556}") = "AlexanderOnTest.NetCoreWebDriverFactory.WindowsTests", "src\Test\AlexanderOnTest.NetCoreWebDriverFactory.WindowsTests\AlexanderOnTest.NetCoreWebDriverFactory.WindowsTests.csproj", "{4A5932F5-6925-466E-9100-B3D2E284E3D0}"
EndProject
Project("{9A19103F-16F7-4668-BE54-9A1E7A4F7556}") = "AlexanderOnTest.NetCoreWebDriverFactory.Lib.Test", "src\Test\AlexanderOnTest.NetCoreWebDriverFactory.Lib.Test\AlexanderOnTest.NetCoreWebDriverFactory.Lib.Test.csproj", "{7A71CDF5-C9D8-45D5-9047-DA56292377DA}"
EndProject
Project("{9A19103F-16F7-4668-BE54-9A1E7A4F7556}") = "AlexanderOnTest.WebDriverFactoryNunitConfig", "src\Main\AlexanderOnTest.WebDriverFactoryNunitConfig\AlexanderOnTest.WebDriverFactoryNunitConfig.csproj", "{2D1A52AB-853A-472C-B00B-F49F6A32B530}"
EndProject
Project("{9A19103F-16F7-4668-BE54-9A1E7A4F7556}") = "AlexanderOnTest.NetCoreWebDriverFactory", "src\Main\AlexanderOnTest.NetCoreWebDriverFactory\AlexanderOnTest.NetCoreWebDriverFactory.csproj", "{06B1F888-7B61-4197-8849-EFED1AE4B9E0}"
EndProject
Global
	GlobalSection(SolutionConfigurationPlatforms) = preSolution
		Debug|Any CPU = Debug|Any CPU
		Release|Any CPU = Release|Any CPU
	EndGlobalSection
	GlobalSection(ProjectConfigurationPlatforms) = postSolution
		{4A5932F5-6925-466E-9100-B3D2E284E3D0}.Debug|Any CPU.ActiveCfg = Debug|Any CPU
		{4A5932F5-6925-466E-9100-B3D2E284E3D0}.Debug|Any CPU.Build.0 = Debug|Any CPU
		{4A5932F5-6925-466E-9100-B3D2E284E3D0}.Release|Any CPU.ActiveCfg = Release|Any CPU
		{4A5932F5-6925-466E-9100-B3D2E284E3D0}.Release|Any CPU.Build.0 = Release|Any CPU
		{7A71CDF5-C9D8-45D5-9047-DA56292377DA}.Debug|Any CPU.ActiveCfg = Debug|Any CPU
		{7A71CDF5-C9D8-45D5-9047-DA56292377DA}.Debug|Any CPU.Build.0 = Debug|Any CPU
		{7A71CDF5-C9D8-45D5-9047-DA56292377DA}.Release|Any CPU.ActiveCfg = Release|Any CPU
		{7A71CDF5-C9D8-45D5-9047-DA56292377DA}.Release|Any CPU.Build.0 = Release|Any CPU
		{2D1A52AB-853A-472C-B00B-F49F6A32B530}.Debug|Any CPU.ActiveCfg = Debug|Any CPU
		{2D1A52AB-853A-472C-B00B-F49F6A32B530}.Debug|Any CPU.Build.0 = Debug|Any CPU
		{2D1A52AB-853A-472C-B00B-F49F6A32B530}.Release|Any CPU.ActiveCfg = Release|Any CPU
		{2D1A52AB-853A-472C-B00B-F49F6A32B530}.Release|Any CPU.Build.0 = Release|Any CPU
		{06B1F888-7B61-4197-8849-EFED1AE4B9E0}.Debug|Any CPU.ActiveCfg = Debug|Any CPU
		{06B1F888-7B61-4197-8849-EFED1AE4B9E0}.Debug|Any CPU.Build.0 = Debug|Any CPU
		{06B1F888-7B61-4197-8849-EFED1AE4B9E0}.Release|Any CPU.ActiveCfg = Release|Any CPU
		{06B1F888-7B61-4197-8849-EFED1AE4B9E0}.Release|Any CPU.Build.0 = Release|Any CPU
	EndGlobalSection
	GlobalSection(SolutionProperties) = preSolution
		HideSolutionNode = FALSE
	EndGlobalSection
	GlobalSection(ExtensibilityGlobals) = postSolution
		SolutionGuid = {3F134F24-EE48-477F-831E-AD343F2B1490}
	EndGlobalSection
EndGlobal
