
Microsoft Visual Studio Solution File, Format Version 12.00
# Visual Studio 15
VisualStudioVersion = 15.0.28010.2041
MinimumVisualStudioVersion = 10.0.40219.1
Project("{9A19103F-16F7-4668-BE54-9A1E7A4F7556}") = "AlexanderOnTest.NetCoreWebDriverFactory", "..\src\Main\AlexanderOnTest.NetCoreWebDriverFactory\AlexanderOnTest.NetCoreWebDriverFactory.csproj", "{3F97382B-6E44-422D-8EC0-A54968A60531}"
EndProject
Project("{2150E333-8FDC-42A3-9474-1A3956D46DE8}") = "Main", "..\src\Main", "{11555F43-5282-451E-99CC-3D16D391C790}"
EndProject
Project("{2150E333-8FDC-42A3-9474-1A3956D46DE8}") = "Test", "..src\Test", "{8A7C80EE-4A21-466B-8519-EBCED9CF00D7}"
EndProject
Project("{9A19103F-16F7-4668-BE54-9A1E7A4F7556}") = "AlexanderOnTest.NetCoreWebDriverFactory.LinuxTests", "..\src\Test\AlexanderOnTest.NetCoreWebDriverFactory.LinuxTests\AlexanderOnTest.NetCoreWebDriverFactory.LinuxTests.csproj", "{EFC77B86-A9DF-4A8E-BDEB-793B7E115717}"
EndProject
Project("{FAE04EC0-301F-11D3-BF4B-00C04F79EFBC}") = "AlexanderonTest.NetCoreWebDriverFactory.Lib.Test", "..\src\Test\AlexanderonTest.NetCoreWebDriverFactory.Lib.Test\AlexanderonTest.NetCoreWebDriverFactory.Lib.Test.csproj", "{A17A5A3D-B640-4329-81FC-F4FBD4E44A5D}"
EndProject
Global
	GlobalSection(SolutionConfigurationPlatforms) = preSolution
		Debug|Any CPU = Debug|Any CPU
		Release|Any CPU = Release|Any CPU
	EndGlobalSection
	GlobalSection(ProjectConfigurationPlatforms) = postSolution
		{3F97382B-6E44-422D-8EC0-A54968A60531}.Debug|Any CPU.ActiveCfg = Debug|Any CPU
		{3F97382B-6E44-422D-8EC0-A54968A60531}.Debug|Any CPU.Build.0 = Debug|Any CPU
		{3F97382B-6E44-422D-8EC0-A54968A60531}.Release|Any CPU.ActiveCfg = Release|Any CPU
		{3F97382B-6E44-422D-8EC0-A54968A60531}.Release|Any CPU.Build.0 = Release|Any CPU
		{77F6D485-77A8-43F6-B9BD-229CC926E8A7}.Debug|Any CPU.ActiveCfg = Debug|Any CPU
		{77F6D485-77A8-43F6-B9BD-229CC926E8A7}.Debug|Any CPU.Build.0 = Debug|Any CPU
		{77F6D485-77A8-43F6-B9BD-229CC926E8A7}.Release|Any CPU.ActiveCfg = Release|Any CPU
		{77F6D485-77A8-43F6-B9BD-229CC926E8A7}.Release|Any CPU.Build.0 = Release|Any CPU
		{9C605B71-7B13-4B5E-8B2F-72D69DA87D5D}.Debug|Any CPU.ActiveCfg = Debug|Any CPU
		{9C605B71-7B13-4B5E-8B2F-72D69DA87D5D}.Debug|Any CPU.Build.0 = Debug|Any CPU
		{9C605B71-7B13-4B5E-8B2F-72D69DA87D5D}.Release|Any CPU.ActiveCfg = Release|Any CPU
		{9C605B71-7B13-4B5E-8B2F-72D69DA87D5D}.Release|Any CPU.Build.0 = Release|Any CPU
		{EFC77B86-A9DF-4A8E-BDEB-793B7E115717}.Debug|Any CPU.ActiveCfg = Debug|Any CPU
		{EFC77B86-A9DF-4A8E-BDEB-793B7E115717}.Debug|Any CPU.Build.0 = Debug|Any CPU
		{EFC77B86-A9DF-4A8E-BDEB-793B7E115717}.Release|Any CPU.ActiveCfg = Release|Any CPU
		{EFC77B86-A9DF-4A8E-BDEB-793B7E115717}.Release|Any CPU.Build.0 = Release|Any CPU
		{A17A5A3D-B640-4329-81FC-F4FBD4E44A5D}.Debug|Any CPU.ActiveCfg = Debug|Any CPU
		{A17A5A3D-B640-4329-81FC-F4FBD4E44A5D}.Debug|Any CPU.Build.0 = Debug|Any CPU
		{A17A5A3D-B640-4329-81FC-F4FBD4E44A5D}.Release|Any CPU.ActiveCfg = Release|Any CPU
		{A17A5A3D-B640-4329-81FC-F4FBD4E44A5D}.Release|Any CPU.Build.0 = Release|Any CPU
	EndGlobalSection
	GlobalSection(SolutionProperties) = preSolution
		HideSolutionNode = FALSE
	EndGlobalSection
	GlobalSection(NestedProjects) = preSolution
		{3F97382B-6E44-422D-8EC0-A54968A60531} = {11555F43-5282-451E-99CC-3D16D391C790}
		{77F6D485-77A8-43F6-B9BD-229CC926E8A7} = {8A7C80EE-4A21-466B-8519-EBCED9CF00D7}
		{9C605B71-7B13-4B5E-8B2F-72D69DA87D5D} = {8A7C80EE-4A21-466B-8519-EBCED9CF00D7}
		{EFC77B86-A9DF-4A8E-BDEB-793B7E115717} = {8A7C80EE-4A21-466B-8519-EBCED9CF00D7}
		{A17A5A3D-B640-4329-81FC-F4FBD4E44A5D} = {8A7C80EE-4A21-466B-8519-EBCED9CF00D7}
	EndGlobalSection
	GlobalSection(ExtensibilityGlobals) = postSolution
		SolutionGuid = {1F82661E-6641-4817-BCA2-1644BBDB32DD}
	EndGlobalSection
EndGlobal
